# @generated by Move, please check-in and do not edit manually.

[move]
version = 0
manifest_digest = "B1CC61796CEEE49D3024042324C80020F6C1F4670AACB56806C452CDFEAA081F"
deps_digest = "3C4103934B1E040BB6B23F1D610B4EF9F2F1166A50A104EADCF77467C004C600"

dependencies = [
  { name = "Pyth" },
  { name = "Sui" },
]

[[move.package]]
name = "MoveStdlib"
source = { git = "https://github.com/MystenLabs/sui.git", rev = "framework/mainnet", subdir = "crates/sui-framework/packages/move-stdlib" }

[[move.package]]
name = "Pyth"
source = { git = "https://github.com/solendprotocol/pyth-crosschain.git", rev = "98e218c64bb75cf1350eb7b021e1ffcc3aedfd62", subdir = "target_chains/sui/contracts" }

dependencies = [
  { name = "Sui" },
  { name = "Wormhole" },
]

[[move.package]]
name = "Sui"
source = { git = "https://github.com/MystenLabs/sui.git", rev = "framework/mainnet", subdir = "crates/sui-framework/packages/sui-framework" }

dependencies = [
  { name = "MoveStdlib" },
]

[[move.package]]
name = "Wormhole"
source = { git = "https://github.com/solendprotocol/wormhole.git", rev = "e1698d3c72b15cdddd7da98ad43e151f83b72a0a", subdir = "sui/wormhole" }

dependencies = [
  { name = "Sui" },
]
